# THIS IS AN AUTOGENERATED FILE. DO NOT EDIT THIS FILE DIRECTLY.
# yarn lockfile v1


vue@2.6.9:
  version "2.6.9"
  resolved "https://registry.yarnpkg.com/vue/-/vue-2.6.9.tgz#415c1cc1a5ed00c8f0acdd0a948139d12b7ea6b3"
  integrity sha512-t1+tvH8hybPM86oNne3ZozCD02zj/VoZIiojOBPJLjwBn7hxYU5e1gBObFpq8ts1NEn1VhPf/hVXBDAJ3X5ljg==
